# THIS IS AN AUTOGENERATED FILE. DO NOT EDIT THIS FILE DIRECTLY.
# yarn lockfile v1


prando@^6.0.1:
  version "6.0.1"
  resolved "https://registry.yarnpkg.com/prando/-/prando-6.0.1.tgz#ffa8de84c2adc4975dd9df37ae4ada0458face53"
  integrity sha512-ghUWxQ1T9IJmPu6eshc3VU0OwveUtXQ33ZLXYUcz1Oc5ppKLDXKp0TBDj6b0epwhEctzcQSNGR2iHyvQSn4W5A==
